<?xml version="1.0" encoding="utf-8"?>
<Project ToolsVersion="4.0" xmlns="http://schemas.microsoft.com/developer/msbuild/2003">
  <ItemGroup>
    <Filter Include="Source Files">
      <UniqueIdentifier>{4FC737F1-C7A5-4376-A066-2A32D752A2FF}</UniqueIdentifier>
      <Extensions>cpp;c;cc;cxx;def;odl;idl;hpj;bat;asm;asmx</Extensions>
    </Filter>
    <Filter Include="Header Files">
      <UniqueIdentifier>{93995380-89BD-4b04-88EB-625FBE52EBFB}</UniqueIdentifier>
      <Extensions>h;hpp;hxx;hm;inl;inc;xsd</Extensions>
    </Filter>
    <Filter Include="Resource Files">
      <UniqueIdentifier>{67DA6AB6-F800-4c08-8B7A-83BB121AAD01}</UniqueIdentifier>
      <Extensions>rc;ico;cur;bmp;dlg;rc2;rct;bin;rgs;gif;jpg;jpeg;jpe;resx;tiff;tif;png;wav</Extensions>
    </Filter>
  </ItemGroup>
  <ItemGroup>
    <ClCompile Include="..\LogTool\LTAddEnvDlg.cpp">
      <Filter>Source Files</Filter>
    </ClCompile>
    <ClCompile Include="..\LogTool\LTAddLogEnvDlg.cpp">
      <Filter>Source Files</Filter>
    </ClCompile>
    <ClCompile Include="..\LogTool\LTApp.cpp">
      <Filter>Source Files</Filter>
    </ClCompile>
    <ClCompile Include="..\LogTool\LTBitmapBuffer.cpp">
      <Filter>Source Files</Filter>
    </ClCompile>
    <ClCompile Include="..\LogTool\LTColorPicker.cpp">
      <Filter>Source Files</Filter>
    </ClCompile>
    <ClCompile Include="..\LogTool\LTComboBox.cpp">
      <Filter>Source Files</Filter>
    </ClCompile>
    <ClCompile Include="..\LogTool\LTConfig.cpp">
      <Filter>Source Files</Filter>
    </ClCompile>
    <ClCompile Include="..\LogTool\LTConfigActionDlg.cpp">
      <Filter>Source Files</Filter>
    </ClCompile>
    <ClCompile Include="..\LogTool\LTDlg.cpp">
      <Filter>Source Files</Filter>
    </ClCompile>
    <ClCompile Include="..\LogTool\LTEnv.cpp">
      <Filter>Source Files</Filter>
    </ClCompile>
    <ClCompile Include="..\LogTool\LTIndefProgressBar.cpp">
      <Filter>Source Files</Filter>
    </ClCompile>
    <ClCompile Include="..\LogTool\LTJiraCredentials.cpp">
      <Filter>Source Files</Filter>
    </ClCompile>
    <ClCompile Include="..\LogTool\LTJpge.cpp">
      <Filter>Source Files</Filter>
    </ClCompile>
    <ClCompile Include="..\LogTool\LTNewJIRADlg.cpp">
      <Filter>Source Files</Filter>
    </ClCompile>
    <ClCompile Include="..\LogTool\LTOutputStringQueue.cpp">
      <Filter>Source Files</Filter>
    </ClCompile>
    <ClCompile Include="..\LogTool\LTPch.cpp">
      <Filter>Source Files</Filter>
    </ClCompile>
    <ClCompile Include="..\LogTool\LTProcThread.cpp">
      <Filter>Source Files</Filter>
    </ClCompile>
    <ClCompile Include="..\LogTool\LTProgressDlg.cpp">
      <Filter>Source Files</Filter>
    </ClCompile>
    <ClCompile Include="..\LogTool\LTResizeMan.cpp">
      <Filter>Source Files</Filter>
    </ClCompile>
    <ClCompile Include="..\LogTool\LTScreenCaptureDlg.cpp">
      <Filter>Source Files</Filter>
    </ClCompile>
    <ClCompile Include="..\LogTool\LTScreenshot.cpp">
      <Filter>Source Files</Filter>
    </ClCompile>
    <ClCompile Include="..\LogTool\LTScreenshotEditCtrl.cpp">
      <Filter>Source Files</Filter>
    </ClCompile>
    <ClCompile Include="..\LogTool\LTScreenshotEditDlg.cpp">
      <Filter>Source Files</Filter>
    </ClCompile>
    <ClCompile Include="..\LogTool\LTSshSession.cpp">
      <Filter>Source Files</Filter>
    </ClCompile>
    <ClCompile Include="..\LogTool\LTThumbnailsCtrl.cpp">
      <Filter>Source Files</Filter>
    </ClCompile>
    <ClCompile Include="..\LogTool\LTUploadTask.cpp">
      <Filter>Source Files</Filter>
    </ClCompile>
    <ClCompile Include="..\LogTool\LTUtils.cpp">
      <Filter>Source Files</Filter>
    </ClCompile>
    <ClCompile Include="..\LogTool\LTVirtualButton.cpp">
      <Filter>Source Files</Filter>
    </ClCompile>
  </ItemGroup>
  <ItemGroup>
    <ClInclude Include="..\LogTool\LTAddEnvDlg.h">
      <Filter>Header Files</Filter>
    </ClInclude>
    <ClInclude Include="..\LogTool\LTAddLogEnvDlg.h">
      <Filter>Header Files</Filter>
    </ClInclude>
    <ClInclude Include="..\LogTool\LTApp.h">
      <Filter>Header Files</Filter>
    </ClInclude>
    <ClInclude Include="..\LogTool\LTBitmapBuffer.h">
      <Filter>Header Files</Filter>
    </ClInclude>
    <ClInclude Include="..\LogTool\LTColorPicker.h">
      <Filter>Header Files</Filter>
    </ClInclude>
    <ClInclude Include="..\LogTool\LTComboBox.h">
      <Filter>Header Files</Filter>
    </ClInclude>
    <ClInclude Include="..\LogTool\LTConfig.h">
      <Filter>Header Files</Filter>
    </ClInclude>
    <ClInclude Include="..\LogTool\LTConfigActionDlg.h">
      <Filter>Header Files</Filter>
    </ClInclude>
    <ClInclude Include="..\LogTool\LTDlg.h">
      <Filter>Header Files</Filter>
    </ClInclude>
    <ClInclude Include="..\LogTool\LTEnv.h">
      <Filter>Header Files</Filter>
    </ClInclude>
    <ClInclude Include="..\LogTool\LTFieldListener.h">
      <Filter>Header Files</Filter>
    </ClInclude>
    <ClInclude Include="..\LogTool\LTIndefProgressBar.h">
      <Filter>Header Files</Filter>
    </ClInclude>
    <ClInclude Include="..\LogTool\LTJiraCredentials.h">
      <Filter>Header Files</Filter>
    </ClInclude>
    <ClInclude Include="..\LogTool\LTJpge.h">
      <Filter>Header Files</Filter>
    </ClInclude>
    <ClInclude Include="..\LogTool\LTNewJIRADlg.h">
      <Filter>Header Files</Filter>
    </ClInclude>
    <ClInclude Include="..\LogTool\LTOutputStringQueue.h">
      <Filter>Header Files</Filter>
    </ClInclude>
    <ClInclude Include="..\LogTool\LTPch.h">
      <Filter>Header Files</Filter>
    </ClInclude>
    <ClInclude Include="..\LogTool\LTProcThread.h">
      <Filter>Header Files</Filter>
    </ClInclude>
    <ClInclude Include="..\LogTool\LTProgressDlg.h">
      <Filter>Header Files</Filter>
    </ClInclude>
    <ClInclude Include="..\LogTool\LTResizeMan.h">
      <Filter>Header Files</Filter>
    </ClInclude>
    <ClInclude Include="..\LogTool\LTScreenCaptureDlg.h">
      <Filter>Header Files</Filter>
    </ClInclude>
    <ClInclude Include="..\LogTool\LTScreenshot.h">
      <Filter>Header Files</Filter>
    </ClInclude>
    <ClInclude Include="..\LogTool\LTScreenshotEditCtrl.h">
      <Filter>Header Files</Filter>
    </ClInclude>
    <ClInclude Include="..\LogTool\LTScreenshotEditDlg.h">
      <Filter>Header Files</Filter>
    </ClInclude>
    <ClInclude Include="..\LogTool\LTSshSession.h">
      <Filter>Header Files</Filter>
    </ClInclude>
    <ClInclude Include="..\LogTool\LTThumbnailsCtrl.h">
      <Filter>Header Files</Filter>
    </ClInclude>
    <ClInclude Include="..\LogTool\LTUploadTask.h">
      <Filter>Header Files</Filter>
    </ClInclude>
    <ClInclude Include="..\LogTool\LTUtils.h">
      <Filter>Header Files</Filter>
    </ClInclude>
    <ClInclude Include="..\LogTool\LTVirtualButton.h">
      <Filter>Header Files</Filter>
    </ClInclude>
    <ClInclude Include="..\LogTool\resource.h">
      <Filter>Header Files</Filter>
    </ClInclude>
    <ClInclude Include="..\LogTool\stdafx.h">
      <Filter>Header Files</Filter>
    </ClInclude>
  </ItemGroup>
  <ItemGroup>
    <None Include="..\LogTool\res\close-hot.ico">
      <Filter>Resource Files</Filter>
    </None>
    <None Include="..\LogTool\res\close-normal.ico">
      <Filter>Resource Files</Filter>
    </None>
    <None Include="..\LogTool\res\close-pressed.ico">
      <Filter>Resource Files</Filter>
    </None>
    <None Include="..\LogTool\res\edit-hot.ico">
      <Filter>Resource Files</Filter>
    </None>
    <None Include="..\LogTool\res\edit-normal.ico">
      <Filter>Resource Files</Filter>
    </None>
    <None Include="..\LogTool\res\edit-pressed.ico">
      <Filter>Resource Files</Filter>
    </None>
    <None Include="..\LogTool\res\LogTool.ico">
      <Filter>Resource Files</Filter>
    </None>
    <None Include="..\LogTool\res\LogTool.rc2">
      <Filter>Resource Files</Filter>
    </None>
    <None Include="ReadMe.txt" />
  </ItemGroup>
  <ItemGroup>
    <ResourceCompile Include="LogTool.rc">
      <Filter>Resource Files</Filter>
    </ResourceCompile>
  </ItemGroup>
</Project>